{
  "name": "vvvjs",
  "lockfileVersion": 2,
  "requires": true,
  "packages": {
    "": {
      "dependencies": {
        "pure-http": "^3.3.1"
      }
    },
    "node_modules/pure-http": {
      "version": "3.3.1",
      "resolved": "https://registry.npmjs.org/pure-http/-/pure-http-3.3.1.tgz",
      "integrity": "sha512-tSzQOC18cOWodOYNSNX5zL699EpwGIxCty0C/RFPyDm9Q8cvJ1y19NrEjBlxSqbZKBl3ZjBUPGrjAwFalmTcBA==",
      "engines": {
        "node": ">= 10.12.0"
      }
    }
  },
  "dependencies": {
    "pure-http": {
      "version": "3.3.1",
      "resolved": "https://registry.npmjs.org/pure-http/-/pure-http-3.3.1.tgz",
      "integrity": "sha512-tSzQOC18cOWodOYNSNX5zL699EpwGIxCty0C/RFPyDm9Q8cvJ1y19NrEjBlxSqbZKBl3ZjBUPGrjAwFalmTcBA=="
    }
  }
}
